// !$*UTF8*$!
{
	archiveVersion = 1;
	classes = {
	};
	objectVersion = 55;
	objects = {

/* Begin PBXBuildFile section */
		4E0BAB222815B0D60077F18A /* AppDelegate.swift in Sources */ = {isa = PBXBuildFile; fileRef = 4E0BAB212815B0D60077F18A /* AppDelegate.swift */; };
		4E0BAB242815B0D60077F18A /* SceneDelegate.swift in Sources */ = {isa = PBXBuildFile; fileRef = 4E0BAB232815B0D60077F18A /* SceneDelegate.swift */; };
		4E0BAB292815B0D60077F18A /* Main.storyboard in Resources */ = {isa = PBXBuildFile; fileRef = 4E0BAB272815B0D60077F18A /* Main.storyboard */; };
		4E0BAB2B2815B0D70077F18A /* Assets.xcassets in Resources */ = {isa = PBXBuildFile; fileRef = 4E0BAB2A2815B0D70077F18A /* Assets.xcassets */; };
		4E0BAB2E2815B0D70077F18A /* LaunchScreen.storyboard in Resources */ = {isa = PBXBuildFile; fileRef = 4E0BAB2C2815B0D70077F18A /* LaunchScreen.storyboard */; };
		4E0BAB392815B0D70077F18A /* TriathletCalculatorTests.swift in Sources */ = {isa = PBXBuildFile; fileRef = 4E0BAB382815B0D70077F18A /* TriathletCalculatorTests.swift */; };
		4E0BAB432815B0D70077F18A /* TriathletCalculatorUITests.swift in Sources */ = {isa = PBXBuildFile; fileRef = 4E0BAB422815B0D70077F18A /* TriathletCalculatorUITests.swift */; };
		4E0BAB452815B0D70077F18A /* TriathletCalculatorUITestsLaunchTests.swift in Sources */ = {isa = PBXBuildFile; fileRef = 4E0BAB442815B0D70077F18A /* TriathletCalculatorUITestsLaunchTests.swift */; };
		4E8CDB94281C783A00CBD44B /* QaAViewController.swift in Sources */ = {isa = PBXBuildFile; fileRef = 4E8CDB93281C783A00CBD44B /* QaAViewController.swift */; };
		4E8CDB96281C785000CBD44B /* ForecastViewController.swift in Sources */ = {isa = PBXBuildFile; fileRef = 4E8CDB95281C785000CBD44B /* ForecastViewController.swift */; };
		4E8CDB98281C786200CBD44B /* CalculatorViewController.swift in Sources */ = {isa = PBXBuildFile; fileRef = 4E8CDB97281C786200CBD44B /* CalculatorViewController.swift */; };
		4EADAA5F2819C64100C42001 /* Forecast.storyboard in Resources */ = {isa = PBXBuildFile; fileRef = 4EADAA5E2819C64100C42001 /* Forecast.storyboard */; };
		4EADAA612819C69700C42001 /* QaA.storyboard in Resources */ = {isa = PBXBuildFile; fileRef = 4EADAA602819C69700C42001 /* QaA.storyboard */; };
		4EADAA632819C73B00C42001 /* MainViewController.swift in Sources */ = {isa = PBXBuildFile; fileRef = 4EADAA622819C73B00C42001 /* MainViewController.swift */; };
		4EADAA682819D14B00C42001 /* Calculator.storyboard in Resources */ = {isa = PBXBuildFile; fileRef = 4EADAA672819D14B00C42001 /* Calculator.storyboard */; };
		4EE4C165282709E7001299EC /* QuestionAndAnswerPresenter.swift in Sources */ = {isa = PBXBuildFile; fileRef = 4EE4C164282709E7001299EC /* QuestionAndAnswerPresenter.swift */; };
		4EE4C167282709F4001299EC /* ForecastPresenter.swift in Sources */ = {isa = PBXBuildFile; fileRef = 4EE4C166282709F4001299EC /* ForecastPresenter.swift */; };
		4EE4C16928270A00001299EC /* CalculatorPresenter.swift in Sources */ = {isa = PBXBuildFile; fileRef = 4EE4C16828270A00001299EC /* CalculatorPresenter.swift */; };
		4EE4C16B2827105F001299EC /* Swim.swift in Sources */ = {isa = PBXBuildFile; fileRef = 4EE4C16A2827105F001299EC /* Swim.swift */; };
		4EE4C16D282710C3001299EC /* Bike.swift in Sources */ = {isa = PBXBuildFile; fileRef = 4EE4C16C282710C3001299EC /* Bike.swift */; };
		4EE4C16F282710D8001299EC /* Run.swift in Sources */ = {isa = PBXBuildFile; fileRef = 4EE4C16E282710D8001299EC /* Run.swift */; };
		4EE4C171282710E6001299EC /* Transit.swift in Sources */ = {isa = PBXBuildFile; fileRef = 4EE4C170282710E6001299EC /* Transit.swift */; };
		4EE4C173282714C2001299EC /* TypeOfRace.swift in Sources */ = {isa = PBXBuildFile; fileRef = 4EE4C172282714C2001299EC /* TypeOfRace.swift */; };
		4EE4C17528271560001299EC /* MeasuringUnit.swift in Sources */ = {isa = PBXBuildFile; fileRef = 4EE4C17428271560001299EC /* MeasuringUnit.swift */; };
		4EE4C1772827159E001299EC /* Questions.swift in Sources */ = {isa = PBXBuildFile; fileRef = 4EE4C1762827159E001299EC /* Questions.swift */; };
		4EE4C17A282716BB001299EC /* OptionsConfig.swift in Sources */ = {isa = PBXBuildFile; fileRef = 4EE4C179282716BB001299EC /* OptionsConfig.swift */; };
/* End PBXBuildFile section */

/* Begin PBXContainerItemProxy section */
		4E0BAB352815B0D70077F18A /* PBXContainerItemProxy */ = {
			isa = PBXContainerItemProxy;
			containerPortal = 4E0BAB162815B0D60077F18A /* Project object */;
			proxyType = 1;
			remoteGlobalIDString = 4E0BAB1D2815B0D60077F18A;
			remoteInfo = TriathletCalculator;
		};
		4E0BAB3F2815B0D70077F18A /* PBXContainerItemProxy */ = {
			isa = PBXContainerItemProxy;
			containerPortal = 4E0BAB162815B0D60077F18A /* Project object */;
			proxyType = 1;
			remoteGlobalIDString = 4E0BAB1D2815B0D60077F18A;
			remoteInfo = TriathletCalculator;
		};
/* End PBXContainerItemProxy section */

/* Begin PBXFileReference section */
		4E0BAB1E2815B0D60077F18A /* TriathletCalculator.app */ = {isa = PBXFileReference; explicitFileType = wrapper.application; includeInIndex = 0; path = TriathletCalculator.app; sourceTree = BUILT_PRODUCTS_DIR; };
		4E0BAB212815B0D60077F18A /* AppDelegate.swift */ = {isa = PBXFileReference; lastKnownFileType = sourcecode.swift; path = AppDelegate.swift; sourceTree = "<group>"; };
		4E0BAB232815B0D60077F18A /* SceneDelegate.swift */ = {isa = PBXFileReference; lastKnownFileType = sourcecode.swift; path = SceneDelegate.swift; sourceTree = "<group>"; };
		4E0BAB282815B0D60077F18A /* Base */ = {isa = PBXFileReference; lastKnownFileType = file.storyboard; name = Base; path = Base.lproj/Main.storyboard; sourceTree = "<group>"; };
		4E0BAB2A2815B0D70077F18A /* Assets.xcassets */ = {isa = PBXFileReference; lastKnownFileType = folder.assetcatalog; path = Assets.xcassets; sourceTree = "<group>"; };
		4E0BAB2D2815B0D70077F18A /* Base */ = {isa = PBXFileReference; lastKnownFileType = file.storyboard; name = Base; path = Base.lproj/LaunchScreen.storyboard; sourceTree = "<group>"; };
		4E0BAB2F2815B0D70077F18A /* Info.plist */ = {isa = PBXFileReference; lastKnownFileType = text.plist.xml; path = Info.plist; sourceTree = "<group>"; };
		4E0BAB342815B0D70077F18A /* TriathletCalculatorTests.xctest */ = {isa = PBXFileReference; explicitFileType = wrapper.cfbundle; includeInIndex = 0; path = TriathletCalculatorTests.xctest; sourceTree = BUILT_PRODUCTS_DIR; };
		4E0BAB382815B0D70077F18A /* TriathletCalculatorTests.swift */ = {isa = PBXFileReference; lastKnownFileType = sourcecode.swift; path = TriathletCalculatorTests.swift; sourceTree = "<group>"; };
		4E0BAB3E2815B0D70077F18A /* TriathletCalculatorUITests.xctest */ = {isa = PBXFileReference; explicitFileType = wrapper.cfbundle; includeInIndex = 0; path = TriathletCalculatorUITests.xctest; sourceTree = BUILT_PRODUCTS_DIR; };
		4E0BAB422815B0D70077F18A /* TriathletCalculatorUITests.swift */ = {isa = PBXFileReference; lastKnownFileType = sourcecode.swift; path = TriathletCalculatorUITests.swift; sourceTree = "<group>"; };
		4E0BAB442815B0D70077F18A /* TriathletCalculatorUITestsLaunchTests.swift */ = {isa = PBXFileReference; lastKnownFileType = sourcecode.swift; path = TriathletCalculatorUITestsLaunchTests.swift; sourceTree = "<group>"; };
		4E8CDB93281C783A00CBD44B /* QaAViewController.swift */ = {isa = PBXFileReference; lastKnownFileType = sourcecode.swift; path = QaAViewController.swift; sourceTree = "<group>"; };
		4E8CDB95281C785000CBD44B /* ForecastViewController.swift */ = {isa = PBXFileReference; lastKnownFileType = sourcecode.swift; path = ForecastViewController.swift; sourceTree = "<group>"; };
		4E8CDB97281C786200CBD44B /* CalculatorViewController.swift */ = {isa = PBXFileReference; lastKnownFileType = sourcecode.swift; path = CalculatorViewController.swift; sourceTree = "<group>"; };
		4EADAA5E2819C64100C42001 /* Forecast.storyboard */ = {isa = PBXFileReference; lastKnownFileType = file.storyboard; path = Forecast.storyboard; sourceTree = "<group>"; };
		4EADAA602819C69700C42001 /* QaA.storyboard */ = {isa = PBXFileReference; lastKnownFileType = file.storyboard; path = QaA.storyboard; sourceTree = "<group>"; };
		4EADAA622819C73B00C42001 /* MainViewController.swift */ = {isa = PBXFileReference; lastKnownFileType = sourcecode.swift; path = MainViewController.swift; sourceTree = "<group>"; };
		4EADAA672819D14B00C42001 /* Calculator.storyboard */ = {isa = PBXFileReference; lastKnownFileType = file.storyboard; path = Calculator.storyboard; sourceTree = "<group>"; };
		4EE4C164282709E7001299EC /* QuestionAndAnswerPresenter.swift */ = {isa = PBXFileReference; lastKnownFileType = sourcecode.swift; path = QuestionAndAnswerPresenter.swift; sourceTree = "<group>"; };
		4EE4C166282709F4001299EC /* ForecastPresenter.swift */ = {isa = PBXFileReference; lastKnownFileType = sourcecode.swift; path = ForecastPresenter.swift; sourceTree = "<group>"; };
		4EE4C16828270A00001299EC /* CalculatorPresenter.swift */ = {isa = PBXFileReference; lastKnownFileType = sourcecode.swift; path = CalculatorPresenter.swift; sourceTree = "<group>"; };
		4EE4C16A2827105F001299EC /* Swim.swift */ = {isa = PBXFileReference; lastKnownFileType = sourcecode.swift; path = Swim.swift; sourceTree = "<group>"; };
		4EE4C16C282710C3001299EC /* Bike.swift */ = {isa = PBXFileReference; lastKnownFileType = sourcecode.swift; path = Bike.swift; sourceTree = "<group>"; };
		4EE4C16E282710D8001299EC /* Run.swift */ = {isa = PBXFileReference; lastKnownFileType = sourcecode.swift; path = Run.swift; sourceTree = "<group>"; };
		4EE4C170282710E6001299EC /* Transit.swift */ = {isa = PBXFileReference; lastKnownFileType = sourcecode.swift; path = Transit.swift; sourceTree = "<group>"; };
		4EE4C172282714C2001299EC /* TypeOfRace.swift */ = {isa = PBXFileReference; lastKnownFileType = sourcecode.swift; path = TypeOfRace.swift; sourceTree = "<group>"; };
		4EE4C17428271560001299EC /* MeasuringUnit.swift */ = {isa = PBXFileReference; lastKnownFileType = sourcecode.swift; path = MeasuringUnit.swift; sourceTree = "<group>"; };
		4EE4C1762827159E001299EC /* Questions.swift */ = {isa = PBXFileReference; lastKnownFileType = sourcecode.swift; path = Questions.swift; sourceTree = "<group>"; };
		4EE4C179282716BB001299EC /* OptionsConfig.swift */ = {isa = PBXFileReference; lastKnownFileType = sourcecode.swift; path = OptionsConfig.swift; sourceTree = "<group>"; };
/* End PBXFileReference section */

/* Begin PBXFrameworksBuildPhase section */
		4E0BAB1B2815B0D60077F18A /* Frameworks */ = {
			isa = PBXFrameworksBuildPhase;
			buildActionMask = 2147483647;
			files = (
			);
			runOnlyForDeploymentPostprocessing = 0;
		};
		4E0BAB312815B0D70077F18A /* Frameworks */ = {
			isa = PBXFrameworksBuildPhase;
			buildActionMask = 2147483647;
			files = (
			);
			runOnlyForDeploymentPostprocessing = 0;
		};
		4E0BAB3B2815B0D70077F18A /* Frameworks */ = {
			isa = PBXFrameworksBuildPhase;
			buildActionMask = 2147483647;
			files = (
			);
			runOnlyForDeploymentPostprocessing = 0;
		};
/* End PBXFrameworksBuildPhase section */

/* Begin PBXGroup section */
		4E0BAB152815B0D60077F18A = {
			isa = PBXGroup;
			children = (
				4E0BAB202815B0D60077F18A /* TriathletCalculator */,
				4E0BAB372815B0D70077F18A /* TriathletCalculatorTests */,
				4E0BAB412815B0D70077F18A /* TriathletCalculatorUITests */,
				4E0BAB1F2815B0D60077F18A /* Products */,
			);
			sourceTree = "<group>";
		};
		4E0BAB1F2815B0D60077F18A /* Products */ = {
			isa = PBXGroup;
			children = (
				4E0BAB1E2815B0D60077F18A /* TriathletCalculator.app */,
				4E0BAB342815B0D70077F18A /* TriathletCalculatorTests.xctest */,
				4E0BAB3E2815B0D70077F18A /* TriathletCalculatorUITests.xctest */,
			);
			name = Products;
			sourceTree = "<group>";
		};
		4E0BAB202815B0D60077F18A /* TriathletCalculator */ = {
			isa = PBXGroup;
			children = (
				4E8CDB8F281C76D600CBD44B /* QuestionAndAnswer */,
				4E8CDB8B281C768A00CBD44B /* Forecasts */,
				4E8CDB8A281C768000CBD44B /* Calculator */,
				4EE4C1782827169A001299EC /* Settings */,
				4E0BAB212815B0D60077F18A /* AppDelegate.swift */,
				4E0BAB232815B0D60077F18A /* SceneDelegate.swift */,
				4E8CDB99281C787700CBD44B /* Services */,
				4E0BAB2A2815B0D70077F18A /* Assets.xcassets */,
				4E0BAB2F2815B0D70077F18A /* Info.plist */,
			);
			path = TriathletCalculator;
			sourceTree = "<group>";
		};
		4E0BAB372815B0D70077F18A /* TriathletCalculatorTests */ = {
			isa = PBXGroup;
			children = (
				4E0BAB382815B0D70077F18A /* TriathletCalculatorTests.swift */,
			);
			path = TriathletCalculatorTests;
			sourceTree = "<group>";
		};
		4E0BAB412815B0D70077F18A /* TriathletCalculatorUITests */ = {
			isa = PBXGroup;
			children = (
				4E0BAB422815B0D70077F18A /* TriathletCalculatorUITests.swift */,
				4E0BAB442815B0D70077F18A /* TriathletCalculatorUITestsLaunchTests.swift */,
			);
			path = TriathletCalculatorUITests;
			sourceTree = "<group>";
		};
		4E8CDB8A281C768000CBD44B /* Calculator */ = {
			isa = PBXGroup;
			children = (
				4EADAA642819CBC100C42001 /* Model */,
				4EADAA652819CBC900C42001 /* View */,
				4EADAA662819CBCF00C42001 /* Presenter */,
			);
			path = Calculator;
			sourceTree = "<group>";
		};
		4E8CDB8B281C768A00CBD44B /* Forecasts */ = {
			isa = PBXGroup;
			children = (
				4E8CDB8C281C769400CBD44B /* Model */,
				4E8CDB8D281C769E00CBD44B /* View */,
				4E8CDB8E281C76B600CBD44B /* Presenter */,
			);
			path = Forecasts;
			sourceTree = "<group>";
		};
		4E8CDB8C281C769400CBD44B /* Model */ = {
			isa = PBXGroup;
			children = (
			);
			path = Model;
			sourceTree = "<group>";
		};
		4E8CDB8D281C769E00CBD44B /* View */ = {
			isa = PBXGroup;
			children = (
				4EADAA5E2819C64100C42001 /* Forecast.storyboard */,
				4E8CDB95281C785000CBD44B /* ForecastViewController.swift */,
			);
			path = View;
			sourceTree = "<group>";
		};
		4E8CDB8E281C76B600CBD44B /* Presenter */ = {
			isa = PBXGroup;
			children = (
				4EE4C166282709F4001299EC /* ForecastPresenter.swift */,
			);
			path = Presenter;
			sourceTree = "<group>";
		};
		4E8CDB8F281C76D600CBD44B /* QuestionAndAnswer */ = {
			isa = PBXGroup;
			children = (
				4E8CDB92281C76F300CBD44B /* Model */,
				4E8CDB91281C76EB00CBD44B /* View */,
				4E8CDB90281C76E200CBD44B /* Presenter */,
			);
			path = QuestionAndAnswer;
			sourceTree = "<group>";
		};
		4E8CDB90281C76E200CBD44B /* Presenter */ = {
			isa = PBXGroup;
			children = (
				4EE4C164282709E7001299EC /* QuestionAndAnswerPresenter.swift */,
			);
			path = Presenter;
			sourceTree = "<group>";
		};
		4E8CDB91281C76EB00CBD44B /* View */ = {
			isa = PBXGroup;
			children = (
				4EADAA602819C69700C42001 /* QaA.storyboard */,
				4E8CDB93281C783A00CBD44B /* QaAViewController.swift */,
			);
			path = View;
			sourceTree = "<group>";
		};
		4E8CDB92281C76F300CBD44B /* Model */ = {
			isa = PBXGroup;
			children = (
				4EE4C1762827159E001299EC /* Questions.swift */,
			);
			name = Model;
			sourceTree = "<group>";
		};
		4E8CDB99281C787700CBD44B /* Services */ = {
			isa = PBXGroup;
			children = (
				4E0BAB272815B0D60077F18A /* Main.storyboard */,
				4EADAA622819C73B00C42001 /* MainViewController.swift */,
				4E0BAB2C2815B0D70077F18A /* LaunchScreen.storyboard */,
			);
			path = Services;
			sourceTree = "<group>";
		};
		4EADAA642819CBC100C42001 /* Model */ = {
			isa = PBXGroup;
			children = (
				4EE4C16A2827105F001299EC /* Swim.swift */,
				4EE4C16C282710C3001299EC /* Bike.swift */,
				4EE4C16E282710D8001299EC /* Run.swift */,
				4EE4C170282710E6001299EC /* Transit.swift */,
				4EE4C172282714C2001299EC /* TypeOfRace.swift */,
				4EE4C17428271560001299EC /* MeasuringUnit.swift */,
			);
			path = Model;
			sourceTree = "<group>";
		};
		4EADAA652819CBC900C42001 /* View */ = {
			isa = PBXGroup;
			children = (
				4EADAA672819D14B00C42001 /* Calculator.storyboard */,
				4E8CDB97281C786200CBD44B /* CalculatorViewController.swift */,
			);
			path = View;
			sourceTree = "<group>";
		};
		4EADAA662819CBCF00C42001 /* Presenter */ = {
			isa = PBXGroup;
			children = (
				4EE4C16828270A00001299EC /* CalculatorPresenter.swift */,
			);
			path = Presenter;
			sourceTree = "<group>";
		};
		4EE4C1782827169A001299EC /* Settings */ = {
			isa = PBXGroup;
			children = (
				4EE4C179282716BB001299EC /* OptionsConfig.swift */,
			);
			path = Settings;
			sourceTree = "<group>";
		};
/* End PBXGroup section */

/* Begin PBXNativeTarget section */
		4E0BAB1D2815B0D60077F18A /* TriathletCalculator */ = {
			isa = PBXNativeTarget;
			buildConfigurationList = 4E0BAB482815B0D70077F18A /* Build configuration list for PBXNativeTarget "TriathletCalculator" */;
			buildPhases = (
				4E0BAB1A2815B0D60077F18A /* Sources */,
				4E0BAB1B2815B0D60077F18A /* Frameworks */,
				4E0BAB1C2815B0D60077F18A /* Resources */,
			);
			buildRules = (
			);
			dependencies = (
			);
			name = TriathletCalculator;
			productName = TriathletCalculator;
			productReference = 4E0BAB1E2815B0D60077F18A /* TriathletCalculator.app */;
			productType = "com.apple.product-type.application";
		};
		4E0BAB332815B0D70077F18A /* TriathletCalculatorTests */ = {
			isa = PBXNativeTarget;
			buildConfigurationList = 4E0BAB4B2815B0D70077F18A /* Build configuration list for PBXNativeTarget "TriathletCalculatorTests" */;
			buildPhases = (
				4E0BAB302815B0D70077F18A /* Sources */,
				4E0BAB312815B0D70077F18A /* Frameworks */,
				4E0BAB322815B0D70077F18A /* Resources */,
			);
			buildRules = (
			);
			dependencies = (
				4E0BAB362815B0D70077F18A /* PBXTargetDependency */,
			);
			name = TriathletCalculatorTests;
			productName = TriathletCalculatorTests;
			productReference = 4E0BAB342815B0D70077F18A /* TriathletCalculatorTests.xctest */;
			productType = "com.apple.product-type.bundle.unit-test";
		};
		4E0BAB3D2815B0D70077F18A /* TriathletCalculatorUITests */ = {
			isa = PBXNativeTarget;
			buildConfigurationList = 4E0BAB4E2815B0D70077F18A /* Build configuration list for PBXNativeTarget "TriathletCalculatorUITests" */;
			buildPhases = (
				4E0BAB3A2815B0D70077F18A /* Sources */,
				4E0BAB3B2815B0D70077F18A /* Frameworks */,
				4E0BAB3C2815B0D70077F18A /* Resources */,
			);
			buildRules = (
			);
			dependencies = (
				4E0BAB402815B0D70077F18A /* PBXTargetDependency */,
			);
			name = TriathletCalculatorUITests;
			productName = TriathletCalculatorUITests;
			productReference = 4E0BAB3E2815B0D70077F18A /* TriathletCalculatorUITests.xctest */;
			productType = "com.apple.product-type.bundle.ui-testing";
		};
/* End PBXNativeTarget section */

/* Begin PBXProject section */
		4E0BAB162815B0D60077F18A /* Project object */ = {
			isa = PBXProject;
			attributes = {
				BuildIndependentTargetsInParallel = 1;
				LastSwiftUpdateCheck = 1330;
				LastUpgradeCheck = 1330;
				TargetAttributes = {
					4E0BAB1D2815B0D60077F18A = {
						CreatedOnToolsVersion = 13.3.1;
					};
					4E0BAB332815B0D70077F18A = {
						CreatedOnToolsVersion = 13.3.1;
						TestTargetID = 4E0BAB1D2815B0D60077F18A;
					};
					4E0BAB3D2815B0D70077F18A = {
						CreatedOnToolsVersion = 13.3.1;
						TestTargetID = 4E0BAB1D2815B0D60077F18A;
					};
				};
			};
			buildConfigurationList = 4E0BAB192815B0D60077F18A /* Build configuration list for PBXProject "TriathletCalculator" */;
			compatibilityVersion = "Xcode 13.0";
			developmentRegion = en;
			hasScannedForEncodings = 0;
			knownRegions = (
				en,
				Base,
			);
			mainGroup = 4E0BAB152815B0D60077F18A;
			productRefGroup = 4E0BAB1F2815B0D60077F18A /* Products */;
			projectDirPath = "";
			projectRoot = "";
			targets = (
				4E0BAB1D2815B0D60077F18A /* TriathletCalculator */,
				4E0BAB332815B0D70077F18A /* TriathletCalculatorTests */,
				4E0BAB3D2815B0D70077F18A /* TriathletCalculatorUITests */,
			);
		};
/* End PBXProject section */

/* Begin PBXResourcesBuildPhase section */
		4E0BAB1C2815B0D60077F18A /* Resources */ = {
			isa = PBXResourcesBuildPhase;
			buildActionMask = 2147483647;
			files = (
				4E0BAB2E2815B0D70077F18A /* LaunchScreen.storyboard in Resources */,
				4EADAA5F2819C64100C42001 /* Forecast.storyboard in Resources */,
				4E0BAB2B2815B0D70077F18A /* Assets.xcassets in Resources */,
				4E0BAB292815B0D60077F18A /* Main.storyboard in Resources */,
				4EADAA682819D14B00C42001 /* Calculator.storyboard in Resources */,
				4EADAA612819C69700C42001 /* QaA.storyboard in Resources */,
			);
			runOnlyForDeploymentPostprocessing = 0;
		};
		4E0BAB322815B0D70077F18A /* Resources */ = {
			isa = PBXResourcesBuildPhase;
			buildActionMask = 2147483647;
			files = (
			);
			runOnlyForDeploymentPostprocessing = 0;
		};
		4E0BAB3C2815B0D70077F18A /* Resources */ = {
			isa = PBXResourcesBuildPhase;
			buildActionMask = 2147483647;
			files = (
			);
			runOnlyForDeploymentPostprocessing = 0;
		};
/* End PBXResourcesBuildPhase section */

/* Begin PBXSourcesBuildPhase section */
		4E0BAB1A2815B0D60077F18A /* Sources */ = {
			isa = PBXSourcesBuildPhase;
			buildActionMask = 2147483647;
			files = (
				4EE4C16928270A00001299EC /* CalculatorPresenter.swift in Sources */,
				4EE4C16F282710D8001299EC /* Run.swift in Sources */,
				4E8CDB94281C783A00CBD44B /* QaAViewController.swift in Sources */,
				4EE4C171282710E6001299EC /* Transit.swift in Sources */,
				4EE4C167282709F4001299EC /* ForecastPresenter.swift in Sources */,
				4EE4C1772827159E001299EC /* Questions.swift in Sources */,
				4EE4C16B2827105F001299EC /* Swim.swift in Sources */,
				4EE4C17A282716BB001299EC /* OptionsConfig.swift in Sources */,
				4EADAA632819C73B00C42001 /* MainViewController.swift in Sources */,
				4EE4C173282714C2001299EC /* TypeOfRace.swift in Sources */,
				4E8CDB96281C785000CBD44B /* ForecastViewController.swift in Sources */,
				4EE4C16D282710C3001299EC /* Bike.swift in Sources */,
				4EE4C17528271560001299EC /* MeasuringUnit.swift in Sources */,
				4E0BAB222815B0D60077F18A /* AppDelegate.swift in Sources */,
				4EE4C165282709E7001299EC /* QuestionAndAnswerPresenter.swift in Sources */,
				4E8CDB98281C786200CBD44B /* CalculatorViewController.swift in Sources */,
				4E0BAB242815B0D60077F18A /* SceneDelegate.swift in Sources */,
			);
			runOnlyForDeploymentPostprocessing = 0;
		};
		4E0BAB302815B0D70077F18A /* Sources */ = {
			isa = PBXSourcesBuildPhase;
			buildActionMask = 2147483647;
			files = (
				4E0BAB392815B0D70077F18A /* TriathletCalculatorTests.swift in Sources */,
			);
			runOnlyForDeploymentPostprocessing = 0;
		};
		4E0BAB3A2815B0D70077F18A /* Sources */ = {
			isa = PBXSourcesBuildPhase;
			buildActionMask = 2147483647;
			files = (
				4E0BAB452815B0D70077F18A /* TriathletCalculatorUITestsLaunchTests.swift in Sources */,
				4E0BAB432815B0D70077F18A /* TriathletCalculatorUITests.swift in Sources */,
			);
			runOnlyForDeploymentPostprocessing = 0;
		};
/* End PBXSourcesBuildPhase section */

/* Begin PBXTargetDependency section */
		4E0BAB362815B0D70077F18A /* PBXTargetDependency */ = {
			isa = PBXTargetDependency;
			target = 4E0BAB1D2815B0D60077F18A /* TriathletCalculator */;
			targetProxy = 4E0BAB352815B0D70077F18A /* PBXContainerItemProxy */;
		};
		4E0BAB402815B0D70077F18A /* PBXTargetDependency */ = {
			isa = PBXTargetDependency;
			target = 4E0BAB1D2815B0D60077F18A /* TriathletCalculator */;
			targetProxy = 4E0BAB3F2815B0D70077F18A /* PBXContainerItemProxy */;
		};
/* End PBXTargetDependency section */

/* Begin PBXVariantGroup section */
		4E0BAB272815B0D60077F18A /* Main.storyboard */ = {
			isa = PBXVariantGroup;
			children = (
				4E0BAB282815B0D60077F18A /* Base */,
			);
			name = Main.storyboard;
			sourceTree = "<group>";
		};
		4E0BAB2C2815B0D70077F18A /* LaunchScreen.storyboard */ = {
			isa = PBXVariantGroup;
			children = (
				4E0BAB2D2815B0D70077F18A /* Base */,
			);
			name = LaunchScreen.storyboard;
			sourceTree = "<group>";
		};
/* End PBXVariantGroup section */

/* Begin XCBuildConfiguration section */
		4E0BAB462815B0D70077F18A /* Debug */ = {
			isa = XCBuildConfiguration;
			buildSettings = {
				ALWAYS_SEARCH_USER_PATHS = NO;
				CLANG_ANALYZER_NONNULL = YES;
				CLANG_ANALYZER_NUMBER_OBJECT_CONVERSION = YES_AGGRESSIVE;
				CLANG_CXX_LANGUAGE_STANDARD = "gnu++17";
				CLANG_ENABLE_MODULES = YES;
				CLANG_ENABLE_OBJC_ARC = YES;
				CLANG_ENABLE_OBJC_WEAK = YES;
				CLANG_WARN_BLOCK_CAPTURE_AUTORELEASING = YES;
				CLANG_WARN_BOOL_CONVERSION = YES;
				CLANG_WARN_COMMA = YES;
				CLANG_WARN_CONSTANT_CONVERSION = YES;
				CLANG_WARN_DEPRECATED_OBJC_IMPLEMENTATIONS = YES;
				CLANG_WARN_DIRECT_OBJC_ISA_USAGE = YES_ERROR;
				CLANG_WARN_DOCUMENTATION_COMMENTS = YES;
				CLANG_WARN_EMPTY_BODY = YES;
				CLANG_WARN_ENUM_CONVERSION = YES;
				CLANG_WARN_INFINITE_RECURSION = YES;
				CLANG_WARN_INT_CONVERSION = YES;
				CLANG_WARN_NON_LITERAL_NULL_CONVERSION = YES;
				CLANG_WARN_OBJC_IMPLICIT_RETAIN_SELF = YES;
				CLANG_WARN_OBJC_LITERAL_CONVERSION = YES;
				CLANG_WARN_OBJC_ROOT_CLASS = YES_ERROR;
				CLANG_WARN_QUOTED_INCLUDE_IN_FRAMEWORK_HEADER = YES;
				CLANG_WARN_RANGE_LOOP_ANALYSIS = YES;
				CLANG_WARN_STRICT_PROTOTYPES = YES;
				CLANG_WARN_SUSPICIOUS_MOVE = YES;
				CLANG_WARN_UNGUARDED_AVAILABILITY = YES_AGGRESSIVE;
				CLANG_WARN_UNREACHABLE_CODE = YES;
				CLANG_WARN__DUPLICATE_METHOD_MATCH = YES;
				COPY_PHASE_STRIP = NO;
				DEBUG_INFORMATION_FORMAT = dwarf;
				ENABLE_STRICT_OBJC_MSGSEND = YES;
				ENABLE_TESTABILITY = YES;
				GCC_C_LANGUAGE_STANDARD = gnu11;
				GCC_DYNAMIC_NO_PIC = NO;
				GCC_NO_COMMON_BLOCKS = YES;
				GCC_OPTIMIZATION_LEVEL = 0;
				GCC_PREPROCESSOR_DEFINITIONS = (
					"DEBUG=1",
					"$(inherited)",
				);
				GCC_WARN_64_TO_32_BIT_CONVERSION = YES;
				GCC_WARN_ABOUT_RETURN_TYPE = YES_ERROR;
				GCC_WARN_UNDECLARED_SELECTOR = YES;
				GCC_WARN_UNINITIALIZED_AUTOS = YES_AGGRESSIVE;
				GCC_WARN_UNUSED_FUNCTION = YES;
				GCC_WARN_UNUSED_VARIABLE = YES;
				IPHONEOS_DEPLOYMENT_TARGET = 15.0;
				MTL_ENABLE_DEBUG_INFO = INCLUDE_SOURCE;
				MTL_FAST_MATH = YES;
				ONLY_ACTIVE_ARCH = YES;
				SDKROOT = iphoneos;
				SWIFT_ACTIVE_COMPILATION_CONDITIONS = DEBUG;
				SWIFT_OPTIMIZATION_LEVEL = "-Onone";
			};
			name = Debug;
		};
		4E0BAB472815B0D70077F18A /* Release */ = {
			isa = XCBuildConfiguration;
			buildSettings = {
				ALWAYS_SEARCH_USER_PATHS = NO;
				CLANG_ANALYZER_NONNULL = YES;
				CLANG_ANALYZER_NUMBER_OBJECT_CONVERSION = YES_AGGRESSIVE;
				CLANG_CXX_LANGUAGE_STANDARD = "gnu++17";
				CLANG_ENABLE_MODULES = YES;
				CLANG_ENABLE_OBJC_ARC = YES;
				CLANG_ENABLE_OBJC_WEAK = YES;
				CLANG_WARN_BLOCK_CAPTURE_AUTORELEASING = YES;
				CLANG_WARN_BOOL_CONVERSION = YES;
				CLANG_WARN_COMMA = YES;
				CLANG_WARN_CONSTANT_CONVERSION = YES;
				CLANG_WARN_DEPRECATED_OBJC_IMPLEMENTATIONS = YES;
				CLANG_WARN_DIRECT_OBJC_ISA_USAGE = YES_ERROR;
				CLANG_WARN_DOCUMENTATION_COMMENTS = YES;
				CLANG_WARN_EMPTY_BODY = YES;
				CLANG_WARN_ENUM_CONVERSION = YES;
				CLANG_WARN_INFINITE_RECURSION = YES;
				CLANG_WARN_INT_CONVERSION = YES;
				CLANG_WARN_NON_LITERAL_NULL_CONVERSION = YES;
				CLANG_WARN_OBJC_IMPLICIT_RETAIN_SELF = YES;
				CLANG_WARN_OBJC_LITERAL_CONVERSION = YES;
				CLANG_WARN_OBJC_ROOT_CLASS = YES_ERROR;
				CLANG_WARN_QUOTED_INCLUDE_IN_FRAMEWORK_HEADER = YES;
				CLANG_WARN_RANGE_LOOP_ANALYSIS = YES;
				CLANG_WARN_STRICT_PROTOTYPES = YES;
				CLANG_WARN_SUSPICIOUS_MOVE = YES;
				CLANG_WARN_UNGUARDED_AVAILABILITY = YES_AGGRESSIVE;
				CLANG_WARN_UNREACHABLE_CODE = YES;
				CLANG_WARN__DUPLICATE_METHOD_MATCH = YES;
				COPY_PHASE_STRIP = NO;
				DEBUG_INFORMATION_FORMAT = "dwarf-with-dsym";
				ENABLE_NS_ASSERTIONS = NO;
				ENABLE_STRICT_OBJC_MSGSEND = YES;
				GCC_C_LANGUAGE_STANDARD = gnu11;
				GCC_NO_COMMON_BLOCKS = YES;
				GCC_WARN_64_TO_32_BIT_CONVERSION = YES;
				GCC_WARN_ABOUT_RETURN_TYPE = YES_ERROR;
				GCC_WARN_UNDECLARED_SELECTOR = YES;
				GCC_WARN_UNINITIALIZED_AUTOS = YES_AGGRESSIVE;
				GCC_WARN_UNUSED_FUNCTION = YES;
				GCC_WARN_UNUSED_VARIABLE = YES;
				IPHONEOS_DEPLOYMENT_TARGET = 15.0;
				MTL_ENABLE_DEBUG_INFO = NO;
				MTL_FAST_MATH = YES;
				SDKROOT = iphoneos;
				SWIFT_COMPILATION_MODE = wholemodule;
				SWIFT_OPTIMIZATION_LEVEL = "-O";
				VALIDATE_PRODUCT = YES;
			};
			name = Release;
		};
		4E0BAB492815B0D70077F18A /* Debug */ = {
			isa = XCBuildConfiguration;
			buildSettings = {
				ASSETCATALOG_COMPILER_APPICON_NAME = AppIcon;
				ASSETCATALOG_COMPILER_GLOBAL_ACCENT_COLOR_NAME = AccentColor;
				CODE_SIGN_STYLE = Automatic;
				CURRENT_PROJECT_VERSION = 1;
				DEVELOPMENT_TEAM = 2KRRAMT3WK;
				GENERATE_INFOPLIST_FILE = YES;
				INFOPLIST_FILE = TriathletCalculator/Info.plist;
				INFOPLIST_KEY_UIApplicationSupportsIndirectInputEvents = YES;
				INFOPLIST_KEY_UILaunchStoryboardName = LaunchScreen;
				INFOPLIST_KEY_UIMainStoryboardFile = Main;
				INFOPLIST_KEY_UISupportedInterfaceOrientations = UIInterfaceOrientationPortrait;
				INFOPLIST_KEY_UISupportedInterfaceOrientations_iPad = "UIInterfaceOrientationPortrait UIInterfaceOrientationPortraitUpsideDown UIInterfaceOrientationLandscapeLeft UIInterfaceOrientationLandscapeRight";
				INFOPLIST_KEY_UISupportedInterfaceOrientations_iPhone = "UIInterfaceOrientationPortrait UIInterfaceOrientationLandscapeLeft UIInterfaceOrientationLandscapeRight";
				IPHONEOS_DEPLOYMENT_TARGET = 15.0;
				LD_RUNPATH_SEARCH_PATHS = (
					"$(inherited)",
					"@executable_path/Frameworks",
				);
				MARKETING_VERSION = 1.0;
				PRODUCT_BUNDLE_IDENTIFIER = com.neosoft.www.TriathletCalculator;
				PRODUCT_NAME = "$(TARGET_NAME)";
				SWIFT_EMIT_LOC_STRINGS = YES;
				SWIFT_VERSION = 5.0;
				TARGETED_DEVICE_FAMILY = 1;
			};
			name = Debug;
		};
		4E0BAB4A2815B0D70077F18A /* Release */ = {
			isa = XCBuildConfiguration;
			buildSettings = {
				ASSETCATALOG_COMPILER_APPICON_NAME = AppIcon;
				ASSETCATALOG_COMPILER_GLOBAL_ACCENT_COLOR_NAME = AccentColor;
				CODE_SIGN_STYLE = Automatic;
				CURRENT_PROJECT_VERSION = 1;
				DEVELOPMENT_TEAM = 2KRRAMT3WK;
				GENERATE_INFOPLIST_FILE = YES;
				INFOPLIST_FILE = TriathletCalculator/Info.plist;
				INFOPLIST_KEY_UIApplicationSupportsIndirectInputEvents = YES;
				INFOPLIST_KEY_UILaunchStoryboardName = LaunchScreen;
				INFOPLIST_KEY_UIMainStoryboardFile = Main;
				INFOPLIST_KEY_UISupportedInterfaceOrientations = UIInterfaceOrientationPortrait;
				INFOPLIST_KEY_UISupportedInterfaceOrientations_iPad = "UIInterfaceOrientationPortrait UIInterfaceOrientationPortraitUpsideDown UIInterfaceOrientationLandscapeLeft UIInterfaceOrientationLandscapeRight";
				INFOPLIST_KEY_UISupportedInterfaceOrientations_iPhone = "UIInterfaceOrientationPortrait UIInterfaceOrientationLandscapeLeft UIInterfaceOrientationLandscapeRight";
				IPHONEOS_DEPLOYMENT_TARGET = 15.0;
				LD_RUNPATH_SEARCH_PATHS = (
					"$(inherited)",
					"@executable_path/Frameworks",
				);
				MARKETING_VERSION = 1.0;
				PRODUCT_BUNDLE_IDENTIFIER = com.neosoft.www.TriathletCalculator;
				PRODUCT_NAME = "$(TARGET_NAME)";
				SWIFT_EMIT_LOC_STRINGS = YES;
				SWIFT_VERSION = 5.0;
				TARGETED_DEVICE_FAMILY = 1;
			};
			name = Release;
		};
		4E0BAB4C2815B0D70077F18A /* Debug */ = {
			isa = XCBuildConfiguration;
			buildSettings = {
				ALWAYS_EMBED_SWIFT_STANDARD_LIBRARIES = YES;
				BUNDLE_LOADER = "$(TEST_HOST)";
				CODE_SIGN_STYLE = Automatic;
				CURRENT_PROJECT_VERSION = 1;
				DEVELOPMENT_TEAM = 2KRRAMT3WK;
				GENERATE_INFOPLIST_FILE = YES;
				IPHONEOS_DEPLOYMENT_TARGET = 15.4;
				MARKETING_VERSION = 1.0;
				PRODUCT_BUNDLE_IDENTIFIER = com.neosoft.www.TriathletCalculatorTests;
				PRODUCT_NAME = "$(TARGET_NAME)";
				SWIFT_EMIT_LOC_STRINGS = NO;
				SWIFT_VERSION = 5.0;
				TARGETED_DEVICE_FAMILY = "1,2";
				TEST_HOST = "$(BUILT_PRODUCTS_DIR)/TriathletCalculator.app/TriathletCalculator";
			};
			name = Debug;
		};
		4E0BAB4D2815B0D70077F18A /* Release */ = {
			isa = XCBuildConfiguration;
			buildSettings = {
				ALWAYS_EMBED_SWIFT_STANDARD_LIBRARIES = YES;
				BUNDLE_LOADER = "$(TEST_HOST)";
				CODE_SIGN_STYLE = Automatic;
				CURRENT_PROJECT_VERSION = 1;
				DEVELOPMENT_TEAM = 2KRRAMT3WK;
				GENERATE_INFOPLIST_FILE = YES;
				IPHONEOS_DEPLOYMENT_TARGET = 15.4;
				MARKETING_VERSION = 1.0;
				PRODUCT_BUNDLE_IDENTIFIER = com.neosoft.www.TriathletCalculatorTests;
				PRODUCT_NAME = "$(TARGET_NAME)";
				SWIFT_EMIT_LOC_STRINGS = NO;
				SWIFT_VERSION = 5.0;
				TARGETED_DEVICE_FAMILY = "1,2";
				TEST_HOST = "$(BUILT_PRODUCTS_DIR)/TriathletCalculator.app/TriathletCalculator";
			};
			name = Release;
		};
		4E0BAB4F2815B0D70077F18A /* Debug */ = {
			isa = XCBuildConfiguration;
			buildSettings = {
				ALWAYS_EMBED_SWIFT_STANDARD_LIBRARIES = YES;
				CODE_SIGN_STYLE = Automatic;
				CURRENT_PROJECT_VERSION = 1;
				DEVELOPMENT_TEAM = 2KRRAMT3WK;
				GENERATE_INFOPLIST_FILE = YES;
				MARKETING_VERSION = 1.0;
				PRODUCT_BUNDLE_IDENTIFIER = com.neosoft.www.TriathletCalculatorUITests;
				PRODUCT_NAME = "$(TARGET_NAME)";
				SWIFT_EMIT_LOC_STRINGS = NO;
				SWIFT_VERSION = 5.0;
				TARGETED_DEVICE_FAMILY = "1,2";
				TEST_TARGET_NAME = TriathletCalculator;
			};
			name = Debug;
		};
		4E0BAB502815B0D70077F18A /* Release */ = {
			isa = XCBuildConfiguration;
			buildSettings = {
				ALWAYS_EMBED_SWIFT_STANDARD_LIBRARIES = YES;
				CODE_SIGN_STYLE = Automatic;
				CURRENT_PROJECT_VERSION = 1;
				DEVELOPMENT_TEAM = 2KRRAMT3WK;
				GENERATE_INFOPLIST_FILE = YES;
				MARKETING_VERSION = 1.0;
				PRODUCT_BUNDLE_IDENTIFIER = com.neosoft.www.TriathletCalculatorUITests;
				PRODUCT_NAME = "$(TARGET_NAME)";
				SWIFT_EMIT_LOC_STRINGS = NO;
				SWIFT_VERSION = 5.0;
				TARGETED_DEVICE_FAMILY = "1,2";
				TEST_TARGET_NAME = TriathletCalculator;
			};
			name = Release;
		};
/* End XCBuildConfiguration section */

/* Begin XCConfigurationList section */
		4E0BAB192815B0D60077F18A /* Build configuration list for PBXProject "TriathletCalculator" */ = {
			isa = XCConfigurationList;
			buildConfigurations = (
				4E0BAB462815B0D70077F18A /* Debug */,
				4E0BAB472815B0D70077F18A /* Release */,
			);
			defaultConfigurationIsVisible = 0;
			defaultConfigurationName = Release;
		};
		4E0BAB482815B0D70077F18A /* Build configuration list for PBXNativeTarget "TriathletCalculator" */ = {
			isa = XCConfigurationList;
			buildConfigurations = (
				4E0BAB492815B0D70077F18A /* Debug */,
				4E0BAB4A2815B0D70077F18A /* Release */,
			);
			defaultConfigurationIsVisible = 0;
			defaultConfigurationName = Release;
		};
		4E0BAB4B2815B0D70077F18A /* Build configuration list for PBXNativeTarget "TriathletCalculatorTests" */ = {
			isa = XCConfigurationList;
			buildConfigurations = (
				4E0BAB4C2815B0D70077F18A /* Debug */,
				4E0BAB4D2815B0D70077F18A /* Release */,
			);
			defaultConfigurationIsVisible = 0;
			defaultConfigurationName = Release;
		};
		4E0BAB4E2815B0D70077F18A /* Build configuration list for PBXNativeTarget "TriathletCalculatorUITests" */ = {
			isa = XCConfigurationList;
			buildConfigurations = (
				4E0BAB4F2815B0D70077F18A /* Debug */,
				4E0BAB502815B0D70077F18A /* Release */,
			);
			defaultConfigurationIsVisible = 0;
			defaultConfigurationName = Release;
		};
/* End XCConfigurationList section */
	};
	rootObject = 4E0BAB162815B0D60077F18A /* Project object */;
}
